
Microsoft Visual Studio Solution File, Format Version 12.00
# Visual Studio Version 16
VisualStudioVersion = 16.0.30114.105
MinimumVisualStudioVersion = 10.0.40219.1
Project("{2150E333-8FDC-42A3-9474-1A3956D46DE8}") = "src", "src", "{1646643F-9D0C-4008-B458-CE928A42875B}"
EndProject
Project("{F2A71F9B-5D33-465A-A702-920D77279786}") = "Bix", "src\Bix\Bix.fsproj", "{381119FB-56CE-4D0D-906A-63440A146786}"
EndProject
Project("{F2A71F9B-5D33-465A-A702-920D77279786}") = "Bix.Deno", "src\Bix.Deno\Bix.Deno.fsproj", "{B3B6FAB5-165F-4862-8EB9-CE474DAA5E8F}"
EndProject
Project("{F2A71F9B-5D33-465A-A702-920D77279786}") = "Bix.Bun", "src\Bix.Bun\Bix.Bun.fsproj", "{C0CEDF08-7966-4871-80F9-018B8283332E}"
EndProject
Project("{F2A71F9B-5D33-465A-A702-920D77279786}") = "Bix.Cloudflare", "src\Bix.Cloudflare\Bix.Cloudflare.fsproj", "{363C568F-E924-42E3-81F4-3F9F0A05899D}"
EndProject
Project("{2150E333-8FDC-42A3-9474-1A3956D46DE8}") = "samples", "samples", "{A4F85863-D799-46DE-A953-DF376C20D5AE}"
EndProject
Project("{F2A71F9B-5D33-465A-A702-920D77279786}") = "Deno", "samples\Deno\Deno.fsproj", "{1A6D2D92-B8A8-4009-A9E3-22424823D340}"
EndProject
Project("{F2A71F9B-5D33-465A-A702-920D77279786}") = "Bun", "samples\Bun\Bun.fsproj", "{1EEDC08B-85D0-4347-B2D5-514660868E38}"
EndProject
Project("{2150E333-8FDC-42A3-9474-1A3956D46DE8}") = "Worker", "Worker", "{A2BD48CF-2646-4194-8286-5737D5B8995A}"
EndProject
Project("{F2A71F9B-5D33-465A-A702-920D77279786}") = "Worker", "samples\Worker\src\Worker.fsproj", "{777BEEFD-0C58-49A7-B6FD-7CDED6E108AE}"
EndProject
Global
	GlobalSection(SolutionConfigurationPlatforms) = preSolution
		Debug|Any CPU = Debug|Any CPU
		Release|Any CPU = Release|Any CPU
	EndGlobalSection
	GlobalSection(SolutionProperties) = preSolution
		HideSolutionNode = FALSE
	EndGlobalSection
	GlobalSection(ProjectConfigurationPlatforms) = postSolution
		{381119FB-56CE-4D0D-906A-63440A146786}.Debug|Any CPU.ActiveCfg = Debug|Any CPU
		{381119FB-56CE-4D0D-906A-63440A146786}.Debug|Any CPU.Build.0 = Debug|Any CPU
		{381119FB-56CE-4D0D-906A-63440A146786}.Release|Any CPU.ActiveCfg = Release|Any CPU
		{381119FB-56CE-4D0D-906A-63440A146786}.Release|Any CPU.Build.0 = Release|Any CPU
		{B3B6FAB5-165F-4862-8EB9-CE474DAA5E8F}.Debug|Any CPU.ActiveCfg = Debug|Any CPU
		{B3B6FAB5-165F-4862-8EB9-CE474DAA5E8F}.Debug|Any CPU.Build.0 = Debug|Any CPU
		{B3B6FAB5-165F-4862-8EB9-CE474DAA5E8F}.Release|Any CPU.ActiveCfg = Release|Any CPU
		{B3B6FAB5-165F-4862-8EB9-CE474DAA5E8F}.Release|Any CPU.Build.0 = Release|Any CPU
		{C0CEDF08-7966-4871-80F9-018B8283332E}.Debug|Any CPU.ActiveCfg = Debug|Any CPU
		{C0CEDF08-7966-4871-80F9-018B8283332E}.Debug|Any CPU.Build.0 = Debug|Any CPU
		{C0CEDF08-7966-4871-80F9-018B8283332E}.Release|Any CPU.ActiveCfg = Release|Any CPU
		{C0CEDF08-7966-4871-80F9-018B8283332E}.Release|Any CPU.Build.0 = Release|Any CPU
		{1A6D2D92-B8A8-4009-A9E3-22424823D340}.Debug|Any CPU.ActiveCfg = Debug|Any CPU
		{1A6D2D92-B8A8-4009-A9E3-22424823D340}.Debug|Any CPU.Build.0 = Debug|Any CPU
		{1A6D2D92-B8A8-4009-A9E3-22424823D340}.Release|Any CPU.ActiveCfg = Release|Any CPU
		{1A6D2D92-B8A8-4009-A9E3-22424823D340}.Release|Any CPU.Build.0 = Release|Any CPU
		{1EEDC08B-85D0-4347-B2D5-514660868E38}.Debug|Any CPU.ActiveCfg = Debug|Any CPU
		{1EEDC08B-85D0-4347-B2D5-514660868E38}.Debug|Any CPU.Build.0 = Debug|Any CPU
		{1EEDC08B-85D0-4347-B2D5-514660868E38}.Release|Any CPU.ActiveCfg = Release|Any CPU
		{1EEDC08B-85D0-4347-B2D5-514660868E38}.Release|Any CPU.Build.0 = Release|Any CPU
		{777BEEFD-0C58-49A7-B6FD-7CDED6E108AE}.Debug|Any CPU.ActiveCfg = Debug|Any CPU
		{777BEEFD-0C58-49A7-B6FD-7CDED6E108AE}.Debug|Any CPU.Build.0 = Debug|Any CPU
		{777BEEFD-0C58-49A7-B6FD-7CDED6E108AE}.Release|Any CPU.ActiveCfg = Release|Any CPU
		{777BEEFD-0C58-49A7-B6FD-7CDED6E108AE}.Release|Any CPU.Build.0 = Release|Any CPU
		{363C568F-E924-42E3-81F4-3F9F0A05899D}.Debug|Any CPU.ActiveCfg = Debug|Any CPU
		{363C568F-E924-42E3-81F4-3F9F0A05899D}.Debug|Any CPU.Build.0 = Debug|Any CPU
		{363C568F-E924-42E3-81F4-3F9F0A05899D}.Release|Any CPU.ActiveCfg = Release|Any CPU
		{363C568F-E924-42E3-81F4-3F9F0A05899D}.Release|Any CPU.Build.0 = Release|Any CPU
	EndGlobalSection
	GlobalSection(NestedProjects) = preSolution
		{381119FB-56CE-4D0D-906A-63440A146786} = {1646643F-9D0C-4008-B458-CE928A42875B}
		{B3B6FAB5-165F-4862-8EB9-CE474DAA5E8F} = {1646643F-9D0C-4008-B458-CE928A42875B}
		{C0CEDF08-7966-4871-80F9-018B8283332E} = {1646643F-9D0C-4008-B458-CE928A42875B}
		{1A6D2D92-B8A8-4009-A9E3-22424823D340} = {A4F85863-D799-46DE-A953-DF376C20D5AE}
		{1EEDC08B-85D0-4347-B2D5-514660868E38} = {A4F85863-D799-46DE-A953-DF376C20D5AE}
		{A2BD48CF-2646-4194-8286-5737D5B8995A} = {A4F85863-D799-46DE-A953-DF376C20D5AE}
		{777BEEFD-0C58-49A7-B6FD-7CDED6E108AE} = {A2BD48CF-2646-4194-8286-5737D5B8995A}
		{363C568F-E924-42E3-81F4-3F9F0A05899D} = {1646643F-9D0C-4008-B458-CE928A42875B}
	EndGlobalSection
EndGlobal
